# THIS IS AN AUTOGENERATED FILE. DO NOT EDIT THIS FILE DIRECTLY.
# yarn lockfile v1


"@types/lodash@^4.14.161":
  version "4.14.161"
  resolved "https://bnpm.byted.org/@types/lodash/download/@types/lodash-4.14.161.tgz#a21ca0777dabc6e4f44f3d07f37b765f54188b18"
  integrity sha1-ohygd32rxuT0Tz0H83t2X1QYixg=

lodash@^4.17.20:
  version "4.17.20"
  resolved "https://bnpm.byted.org/lodash/download/lodash-4.17.20.tgz#b44a9b6297bcb698f1c51a3545a2b3b368d59c52"
  integrity sha1-tEqbYpe8tpjxxRo1RaKzs2jVnFI=
